
Microsoft Visual Studio Solution File, Format Version 12.00
# Visual Studio 14
VisualStudioVersion = 14.0.25420.1
MinimumVisualStudioVersion = 10.0.40219.1
Project("{FAE04EC0-301F-11D3-BF4B-00C04F79EFBC}") = "DAL", "DAL\DAL.csproj", "{4C817BAB-5AE7-406C-A47A-F2CEF270825C}"
EndProject
Project("{FAE04EC0-301F-11D3-BF4B-00C04F79EFBC}") = "BOL", "BOL\BOL.csproj", "{751BD560-BADB-4499-B3F7-DA0744E4F041}"
EndProject
Project("{FAE04EC0-301F-11D3-BF4B-00C04F79EFBC}") = "BAL", "BAL\BAL.csproj", "{94C0BE16-93A1-4374-92B2-80AE358B33F6}"
EndProject
Project("{FAE04EC0-301F-11D3-BF4B-00C04F79EFBC}") = "UI", "UI\UI.csproj", "{BAF91325-B5C0-4E8B-8DB9-A3CB321DBFC4}"
EndProject
Global
	GlobalSection(SolutionConfigurationPlatforms) = preSolution
		Debug|Any CPU = Debug|Any CPU
		Release|Any CPU = Release|Any CPU
	EndGlobalSection
	GlobalSection(ProjectConfigurationPlatforms) = postSolution
		{4C817BAB-5AE7-406C-A47A-F2CEF270825C}.Debug|Any CPU.ActiveCfg = Debug|Any CPU
		{4C817BAB-5AE7-406C-A47A-F2CEF270825C}.Debug|Any CPU.Build.0 = Debug|Any CPU
		{4C817BAB-5AE7-406C-A47A-F2CEF270825C}.Release|Any CPU.ActiveCfg = Release|Any CPU
		{4C817BAB-5AE7-406C-A47A-F2CEF270825C}.Release|Any CPU.Build.0 = Release|Any CPU
		{751BD560-BADB-4499-B3F7-DA0744E4F041}.Debug|Any CPU.ActiveCfg = Debug|Any CPU
		{751BD560-BADB-4499-B3F7-DA0744E4F041}.Debug|Any CPU.Build.0 = Debug|Any CPU
		{751BD560-BADB-4499-B3F7-DA0744E4F041}.Release|Any CPU.ActiveCfg = Release|Any CPU
		{751BD560-BADB-4499-B3F7-DA0744E4F041}.Release|Any CPU.Build.0 = Release|Any CPU
		{94C0BE16-93A1-4374-92B2-80AE358B33F6}.Debug|Any CPU.ActiveCfg = Debug|Any CPU
		{94C0BE16-93A1-4374-92B2-80AE358B33F6}.Debug|Any CPU.Build.0 = Debug|Any CPU
		{94C0BE16-93A1-4374-92B2-80AE358B33F6}.Release|Any CPU.ActiveCfg = Release|Any CPU
		{94C0BE16-93A1-4374-92B2-80AE358B33F6}.Release|Any CPU.Build.0 = Release|Any CPU
		{BAF91325-B5C0-4E8B-8DB9-A3CB321DBFC4}.Debug|Any CPU.ActiveCfg = Debug|Any CPU
		{BAF91325-B5C0-4E8B-8DB9-A3CB321DBFC4}.Debug|Any CPU.Build.0 = Debug|Any CPU
		{BAF91325-B5C0-4E8B-8DB9-A3CB321DBFC4}.Release|Any CPU.ActiveCfg = Release|Any CPU
		{BAF91325-B5C0-4E8B-8DB9-A3CB321DBFC4}.Release|Any CPU.Build.0 = Release|Any CPU
	EndGlobalSection
	GlobalSection(SolutionProperties) = preSolution
		HideSolutionNode = FALSE
	EndGlobalSection
EndGlobal
